# THIS IS AN AUTOGENERATED FILE. DO NOT EDIT THIS FILE DIRECTLY.
# yarn lockfile v1


borderlands2@^0.1.0:
  version "0.1.0"
  resolved "https://registry.yarnpkg.com/borderlands2/-/borderlands2-0.1.0.tgz#72342eaee1b3fef6423659329a1ae260315b8a3a"
  integrity sha512-9ECd+fYeo6faaJVbdLxFgng3aWVBCKGmKdG3JvYZwh3UY+kM+InFznwwLS5OaF1+YYkhvq2FC7Sp3cT5kgTBXg==
  dependencies:
    console-table-printer "^1.1.64"

console-table-printer@^1.1.64:
  version "1.4.9"
  resolved "https://registry.yarnpkg.com/console-table-printer/-/console-table-printer-1.4.9.tgz#0d92ab961121d1cf6ff92132068d277b4e22da82"
  integrity sha512-v0qHHp9wRIxxh0yrqhojbKtxvgAuZSLCaDNDGu7TivxWczIDI3xfDDqYgGkzgmETc3JywJaglfEI8Bs3BbiBsQ==
